<?xml version="1.0" encoding="utf-8"?>
<!--
xmake version 2.7.8+HEAD.87dff1ef4

  This file is auto generated by xmake.

  Please DO NOT EDIT since all your modification will lost after re-generation.
  See https://github.com/xmake-io/xmake/pull/472 for more infomation.
-->
<Project ToolsVersion="4.0" xmlns="http://schemas.microsoft.com/developer/msbuild/2003">
  <ItemGroup>
    <Filter Include="Properties">
      <UniqueIdentifier>{CC7C6180-942D-056E-3227-E6A2B3FB19CD}</UniqueIdentifier>
    </Filter>

  </ItemGroup>
  <ItemGroup>
    <None Include="$(MSBuildProjectDirectory)\Xmake.Custom.props">
      <Filter>Properties</Filter>
    </None>
    <None Include="$(MSBuildProjectDirectory)\Xmake.Custom.targets">
      <Filter>Properties</Filter>
    </None>
    <None Include="$(MSBuildProjectDirectory)\Xmake.Custom.items">
      <Filter>Properties</Filter>
    </None>
    <None Include="$(MSBuildProjectDirectory)\Xmake.Custom.items.filters">
      <Filter>Properties</Filter>
    </None>
    <None Include="$(XmakeScriptDir)\xmake.lua">
      <Filter>Properties</Filter>
    </None>
  </ItemGroup>
  <ItemGroup>


  </ItemGroup>
  <ItemGroup>

    <ClCompile Include="$(XmakeProjectDir)\src\BlurFilter.cpp">
      <Filter><!-- nil --></Filter>
    </ClCompile>
    <ClCompile Include="$(XmakeProjectDir)\src\BoxApp.cpp">
      <Filter><!-- nil --></Filter>
    </ClCompile>
    <ClCompile Include="$(XmakeProjectDir)\src\Camera.cpp">
      <Filter><!-- nil --></Filter>
    </ClCompile>
    <ClCompile Include="$(XmakeProjectDir)\src\DDSTextureLoader.cpp">
      <Filter><!-- nil --></Filter>
    </ClCompile>
    <ClCompile Include="$(XmakeProjectDir)\src\FreamResource.cpp">
      <Filter><!-- nil --></Filter>
    </ClCompile>
    <ClCompile Include="$(XmakeProjectDir)\src\GameTimer.cpp">
      <Filter><!-- nil --></Filter>
    </ClCompile>
    <ClCompile Include="$(XmakeProjectDir)\src\GeometryGenerator.cpp">
      <Filter><!-- nil --></Filter>
    </ClCompile>
    <ClCompile Include="$(XmakeProjectDir)\src\GpuWaves.cpp">
      <Filter><!-- nil --></Filter>
    </ClCompile>
    <ClCompile Include="$(XmakeProjectDir)\src\MathHelper.cpp">
      <Filter><!-- nil --></Filter>
    </ClCompile>
    <ClCompile Include="$(XmakeProjectDir)\src\Waves.cpp">
      <Filter><!-- nil --></Filter>
    </ClCompile>
    <ClCompile Include="$(XmakeProjectDir)\src\d3dApp.cpp">
      <Filter><!-- nil --></Filter>
    </ClCompile>
    <ClCompile Include="$(XmakeProjectDir)\src\d3dUtil.cpp">
      <Filter><!-- nil --></Filter>
    </ClCompile>
    <ClCompile Include="$(XmakeProjectDir)\src\main.cpp">
      <Filter><!-- nil --></Filter>
    </ClCompile>



  </ItemGroup>
  <ItemGroup>

  </ItemGroup>
  <ItemGroup>


  </ItemGroup>
  <Import Condition="Exists('$(MSBuildThisFileDirectory)\Xmake.Custom.files.filters')"
    Project="$(MSBuildThisFileDirectory)\Xmake.Custom.files.filters" />
</Project>
